// !$*UTF8*$!
{
	archiveVersion = 1;
	classes = {
	};
	objectVersion = 46;
	objects = {

/* Begin PBXBuildFile section */
		3C60E8E11F07CC4A006DC5A4 /* c9q2.cpp in Sources */ = {isa = PBXBuildFile; fileRef = 3C60E8DF1F07CC4A006DC5A4 /* c9q2.cpp */; };
		3CBD0D0F1F06F7F000C6E3D2 /* main.cpp in Sources */ = {isa = PBXBuildFile; fileRef = 3CBD0D0E1F06F7F000C6E3D2 /* main.cpp */; };
		3CBD0D171F06F88F00C6E3D2 /* c9q1.cpp in Sources */ = {isa = PBXBuildFile; fileRef = 3CBD0D161F06F88F00C6E3D2 /* c9q1.cpp */; };
/* End PBXBuildFile section */

/* Begin PBXCopyFilesBuildPhase section */
		3CBD0D091F06F7F000C6E3D2 /* CopyFiles */ = {
			isa = PBXCopyFilesBuildPhase;
			buildActionMask = 2147483647;
			dstPath = /usr/share/man/man1/;
			dstSubfolderSpec = 0;
			files = (
			);
			runOnlyForDeploymentPostprocessing = 1;
		};
/* End PBXCopyFilesBuildPhase section */

/* Begin PBXFileReference section */
		3C60E8DE1F07A8E4006DC5A4 /* c9q1.h */ = {isa = PBXFileReference; lastKnownFileType = sourcecode.c.h; path = c9q1.h; sourceTree = "<group>"; };
		3C60E8DF1F07CC4A006DC5A4 /* c9q2.cpp */ = {isa = PBXFileReference; fileEncoding = 4; lastKnownFileType = sourcecode.cpp.cpp; path = c9q2.cpp; sourceTree = "<group>"; };
		3C60E8E01F07CC4A006DC5A4 /* c9q2.hpp */ = {isa = PBXFileReference; fileEncoding = 4; lastKnownFileType = sourcecode.cpp.h; path = c9q2.hpp; sourceTree = "<group>"; };
		3CBD0D0B1F06F7F000C6E3D2 /* epi */ = {isa = PBXFileReference; explicitFileType = "compiled.mach-o.executable"; includeInIndex = 0; path = epi; sourceTree = BUILT_PRODUCTS_DIR; };
		3CBD0D0E1F06F7F000C6E3D2 /* main.cpp */ = {isa = PBXFileReference; lastKnownFileType = sourcecode.cpp.cpp; name = main.cpp; path = epi/main.cpp; sourceTree = "<group>"; };
		3CBD0D161F06F88F00C6E3D2 /* c9q1.cpp */ = {isa = PBXFileReference; fileEncoding = 4; lastKnownFileType = sourcecode.cpp.cpp; path = c9q1.cpp; sourceTree = "<group>"; };
/* End PBXFileReference section */

/* Begin PBXFrameworksBuildPhase section */
		3CBD0D081F06F7F000C6E3D2 /* Frameworks */ = {
			isa = PBXFrameworksBuildPhase;
			buildActionMask = 2147483647;
			files = (
			);
			runOnlyForDeploymentPostprocessing = 0;
		};
/* End PBXFrameworksBuildPhase section */

/* Begin PBXGroup section */
		3CBD0D021F06F7F000C6E3D2 = {
			isa = PBXGroup;
			children = (
				3CBD0D151F06F7FB00C6E3D2 /* src */,
				3CBD0D0C1F06F7F000C6E3D2 /* Products */,
			);
			sourceTree = "<group>";
		};
		3CBD0D0C1F06F7F000C6E3D2 /* Products */ = {
			isa = PBXGroup;
			children = (
				3CBD0D0B1F06F7F000C6E3D2 /* epi */,
			);
			name = Products;
			sourceTree = "<group>";
		};
		3CBD0D0D1F06F7F000C6E3D2 /* c9_stacks_queues */ = {
			isa = PBXGroup;
			children = (
				3CBD0D161F06F88F00C6E3D2 /* c9q1.cpp */,
				3C60E8DE1F07A8E4006DC5A4 /* c9q1.h */,
				3C60E8DF1F07CC4A006DC5A4 /* c9q2.cpp */,
				3C60E8E01F07CC4A006DC5A4 /* c9q2.hpp */,
			);
			name = c9_stacks_queues;
			path = epi;
			sourceTree = "<group>";
		};
		3CBD0D151F06F7FB00C6E3D2 /* src */ = {
			isa = PBXGroup;
			children = (
				3CBD0D0E1F06F7F000C6E3D2 /* main.cpp */,
				3CBD0D0D1F06F7F000C6E3D2 /* c9_stacks_queues */,
			);
			name = src;
			sourceTree = "<group>";
		};
/* End PBXGroup section */

/* Begin PBXNativeTarget section */
		3CBD0D0A1F06F7F000C6E3D2 /* epi */ = {
			isa = PBXNativeTarget;
			buildConfigurationList = 3CBD0D121F06F7F000C6E3D2 /* Build configuration list for PBXNativeTarget "epi" */;
			buildPhases = (
				3CBD0D071F06F7F000C6E3D2 /* Sources */,
				3CBD0D081F06F7F000C6E3D2 /* Frameworks */,
				3CBD0D091F06F7F000C6E3D2 /* CopyFiles */,
			);
			buildRules = (
			);
			dependencies = (
			);
			name = epi;
			productName = epi;
			productReference = 3CBD0D0B1F06F7F000C6E3D2 /* epi */;
			productType = "com.apple.product-type.tool";
		};
/* End PBXNativeTarget section */

/* Begin PBXProject section */
		3CBD0D031F06F7F000C6E3D2 /* Project object */ = {
			isa = PBXProject;
			attributes = {
				LastUpgradeCheck = 0830;
				ORGANIZATIONNAME = Ying;
				TargetAttributes = {
					3CBD0D0A1F06F7F000C6E3D2 = {
						CreatedOnToolsVersion = 8.3.2;
						ProvisioningStyle = Automatic;
					};
				};
			};
			buildConfigurationList = 3CBD0D061F06F7F000C6E3D2 /* Build configuration list for PBXProject "epi" */;
			compatibilityVersion = "Xcode 3.2";
			developmentRegion = English;
			hasScannedForEncodings = 0;
			knownRegions = (
				en,
			);
			mainGroup = 3CBD0D021F06F7F000C6E3D2;
			productRefGroup = 3CBD0D0C1F06F7F000C6E3D2 /* Products */;
			projectDirPath = "";
			projectRoot = "";
			targets = (
				3CBD0D0A1F06F7F000C6E3D2 /* epi */,
			);
		};
/* End PBXProject section */

/* Begin PBXSourcesBuildPhase section */
		3CBD0D071F06F7F000C6E3D2 /* Sources */ = {
			isa = PBXSourcesBuildPhase;
			buildActionMask = 2147483647;
			files = (
				3CBD0D0F1F06F7F000C6E3D2 /* main.cpp in Sources */,
				3CBD0D171F06F88F00C6E3D2 /* c9q1.cpp in Sources */,
				3C60E8E11F07CC4A006DC5A4 /* c9q2.cpp in Sources */,
			);
			runOnlyForDeploymentPostprocessing = 0;
		};
/* End PBXSourcesBuildPhase section */

/* Begin XCBuildConfiguration section */
		3CBD0D101F06F7F000C6E3D2 /* Debug */ = {
			isa = XCBuildConfiguration;
			buildSettings = {
				ALWAYS_SEARCH_USER_PATHS = NO;
				CLANG_ANALYZER_NONNULL = YES;
				CLANG_ANALYZER_NUMBER_OBJECT_CONVERSION = YES_AGGRESSIVE;
				CLANG_CXX_LANGUAGE_STANDARD = "gnu++0x";
				CLANG_CXX_LIBRARY = "libc++";
				CLANG_ENABLE_MODULES = YES;
				CLANG_ENABLE_OBJC_ARC = YES;
				CLANG_WARN_BOOL_CONVERSION = YES;
				CLANG_WARN_CONSTANT_CONVERSION = YES;
				CLANG_WARN_DIRECT_OBJC_ISA_USAGE = YES_ERROR;
				CLANG_WARN_DOCUMENTATION_COMMENTS = YES;
				CLANG_WARN_EMPTY_BODY = YES;
				CLANG_WARN_ENUM_CONVERSION = YES;
				CLANG_WARN_INFINITE_RECURSION = YES;
				CLANG_WARN_INT_CONVERSION = YES;
				CLANG_WARN_OBJC_ROOT_CLASS = YES_ERROR;
				CLANG_WARN_SUSPICIOUS_MOVE = YES;
				CLANG_WARN_UNREACHABLE_CODE = YES;
				CLANG_WARN__DUPLICATE_METHOD_MATCH = YES;
				CODE_SIGN_IDENTITY = "-";
				COPY_PHASE_STRIP = NO;
				DEBUG_INFORMATION_FORMAT = dwarf;
				ENABLE_STRICT_OBJC_MSGSEND = YES;
				ENABLE_TESTABILITY = YES;
				GCC_C_LANGUAGE_STANDARD = gnu99;
				GCC_DYNAMIC_NO_PIC = NO;
				GCC_NO_COMMON_BLOCKS = YES;
				GCC_OPTIMIZATION_LEVEL = 0;
				GCC_PREPROCESSOR_DEFINITIONS = (
					"DEBUG=1",
					"$(inherited)",
				);
				GCC_WARN_64_TO_32_BIT_CONVERSION = YES;
				GCC_WARN_ABOUT_RETURN_TYPE = YES_ERROR;
				GCC_WARN_UNDECLARED_SELECTOR = YES;
				GCC_WARN_UNINITIALIZED_AUTOS = YES_AGGRESSIVE;
				GCC_WARN_UNUSED_FUNCTION = YES;
				GCC_WARN_UNUSED_VARIABLE = YES;
				MACOSX_DEPLOYMENT_TARGET = 10.12;
				MTL_ENABLE_DEBUG_INFO = YES;
				ONLY_ACTIVE_ARCH = YES;
				SDKROOT = macosx;
			};
			name = Debug;
		};
		3CBD0D111F06F7F000C6E3D2 /* Release */ = {
			isa = XCBuildConfiguration;
			buildSettings = {
				ALWAYS_SEARCH_USER_PATHS = NO;
				CLANG_ANALYZER_NONNULL = YES;
				CLANG_ANALYZER_NUMBER_OBJECT_CONVERSION = YES_AGGRESSIVE;
				CLANG_CXX_LANGUAGE_STANDARD = "gnu++0x";
				CLANG_CXX_LIBRARY = "libc++";
				CLANG_ENABLE_MODULES = YES;
				CLANG_ENABLE_OBJC_ARC = YES;
				CLANG_WARN_BOOL_CONVERSION = YES;
				CLANG_WARN_CONSTANT_CONVERSION = YES;
				CLANG_WARN_DIRECT_OBJC_ISA_USAGE = YES_ERROR;
				CLANG_WARN_DOCUMENTATION_COMMENTS = YES;
				CLANG_WARN_EMPTY_BODY = YES;
				CLANG_WARN_ENUM_CONVERSION = YES;
				CLANG_WARN_INFINITE_RECURSION = YES;
				CLANG_WARN_INT_CONVERSION = YES;
				CLANG_WARN_OBJC_ROOT_CLASS = YES_ERROR;
				CLANG_WARN_SUSPICIOUS_MOVE = YES;
				CLANG_WARN_UNREACHABLE_CODE = YES;
				CLANG_WARN__DUPLICATE_METHOD_MATCH = YES;
				CODE_SIGN_IDENTITY = "-";
				COPY_PHASE_STRIP = NO;
				DEBUG_INFORMATION_FORMAT = "dwarf-with-dsym";
				ENABLE_NS_ASSERTIONS = NO;
				ENABLE_STRICT_OBJC_MSGSEND = YES;
				GCC_C_LANGUAGE_STANDARD = gnu99;
				GCC_NO_COMMON_BLOCKS = YES;
				GCC_WARN_64_TO_32_BIT_CONVERSION = YES;
				GCC_WARN_ABOUT_RETURN_TYPE = YES_ERROR;
				GCC_WARN_UNDECLARED_SELECTOR = YES;
				GCC_WARN_UNINITIALIZED_AUTOS = YES_AGGRESSIVE;
				GCC_WARN_UNUSED_FUNCTION = YES;
				GCC_WARN_UNUSED_VARIABLE = YES;
				MACOSX_DEPLOYMENT_TARGET = 10.12;
				MTL_ENABLE_DEBUG_INFO = NO;
				SDKROOT = macosx;
			};
			name = Release;
		};
		3CBD0D131F06F7F000C6E3D2 /* Debug */ = {
			isa = XCBuildConfiguration;
			buildSettings = {
				PRODUCT_NAME = "$(TARGET_NAME)";
			};
			name = Debug;
		};
		3CBD0D141F06F7F000C6E3D2 /* Release */ = {
			isa = XCBuildConfiguration;
			buildSettings = {
				PRODUCT_NAME = "$(TARGET_NAME)";
			};
			name = Release;
		};
/* End XCBuildConfiguration section */

/* Begin XCConfigurationList section */
		3CBD0D061F06F7F000C6E3D2 /* Build configuration list for PBXProject "epi" */ = {
			isa = XCConfigurationList;
			buildConfigurations = (
				3CBD0D101F06F7F000C6E3D2 /* Debug */,
				3CBD0D111F06F7F000C6E3D2 /* Release */,
			);
			defaultConfigurationIsVisible = 0;
			defaultConfigurationName = Release;
		};
		3CBD0D121F06F7F000C6E3D2 /* Build configuration list for PBXNativeTarget "epi" */ = {
			isa = XCConfigurationList;
			buildConfigurations = (
				3CBD0D131F06F7F000C6E3D2 /* Debug */,
				3CBD0D141F06F7F000C6E3D2 /* Release */,
			);
			defaultConfigurationIsVisible = 0;
			defaultConfigurationName = Release;
		};
/* End XCConfigurationList section */
	};
	rootObject = 3CBD0D031F06F7F000C6E3D2 /* Project object */;
}
